
Microsoft Visual Studio Solution File, Format Version 12.00
# Visual Studio 2012
Project("{FAE04EC0-301F-11D3-BF4B-00C04F79EFBC}") = "QuanLiTruongHoc", "QuanLiTruongHoc\QuanLiTruongHoc.csproj", "{B28AB7A2-62E4-49CE-BBFC-E839E61212C4}"
EndProject
Project("{FAE04EC0-301F-11D3-BF4B-00C04F79EFBC}") = "DAO", "DAO\DAO.csproj", "{A7479649-DE13-48EE-9B59-28F5F584B775}"
EndProject
Project("{FAE04EC0-301F-11D3-BF4B-00C04F79EFBC}") = "DTO", "DTO\DTO.csproj", "{8298A122-9A18-4E8C-ADE3-495B15C4D393}"
EndProject
Global
	GlobalSection(SolutionConfigurationPlatforms) = preSolution
		Debug|Any CPU = Debug|Any CPU
		Release|Any CPU = Release|Any CPU
	EndGlobalSection
	GlobalSection(ProjectConfigurationPlatforms) = postSolution
		{B28AB7A2-62E4-49CE-BBFC-E839E61212C4}.Debug|Any CPU.ActiveCfg = Debug|Any CPU
		{B28AB7A2-62E4-49CE-BBFC-E839E61212C4}.Debug|Any CPU.Build.0 = Debug|Any CPU
		{B28AB7A2-62E4-49CE-BBFC-E839E61212C4}.Release|Any CPU.ActiveCfg = Release|Any CPU
		{B28AB7A2-62E4-49CE-BBFC-E839E61212C4}.Release|Any CPU.Build.0 = Release|Any CPU
		{A7479649-DE13-48EE-9B59-28F5F584B775}.Debug|Any CPU.ActiveCfg = Debug|Any CPU
		{A7479649-DE13-48EE-9B59-28F5F584B775}.Debug|Any CPU.Build.0 = Debug|Any CPU
		{A7479649-DE13-48EE-9B59-28F5F584B775}.Release|Any CPU.ActiveCfg = Release|Any CPU
		{A7479649-DE13-48EE-9B59-28F5F584B775}.Release|Any CPU.Build.0 = Release|Any CPU
		{8298A122-9A18-4E8C-ADE3-495B15C4D393}.Debug|Any CPU.ActiveCfg = Debug|Any CPU
		{8298A122-9A18-4E8C-ADE3-495B15C4D393}.Debug|Any CPU.Build.0 = Debug|Any CPU
		{8298A122-9A18-4E8C-ADE3-495B15C4D393}.Release|Any CPU.ActiveCfg = Release|Any CPU
		{8298A122-9A18-4E8C-ADE3-495B15C4D393}.Release|Any CPU.Build.0 = Release|Any CPU
	EndGlobalSection
	GlobalSection(SolutionProperties) = preSolution
		HideSolutionNode = FALSE
	EndGlobalSection
EndGlobal
